<?xml version="1.0" encoding="utf-8"?>
<Project ToolsVersion="4.0" xmlns="http://schemas.microsoft.com/developer/msbuild/2003">
  <ItemGroup>
    <Filter Include="Resource Files">
      <UniqueIdentifier>{67DA6AB6-F800-4c08-8B7A-83BB121AAD01}</UniqueIdentifier>
      <Extensions>rc;ico;cur;bmp;dlg;rc2;rct;bin;rgs;gif;jpg;jpeg;jpe;resx;tiff;tif;png;wav;mfcribbon-ms</Extensions>
    </Filter>
    <Filter Include="AbilityStuff">
      <UniqueIdentifier>{6785153c-5142-4f4d-9aaa-7251dc339020}</UniqueIdentifier>
    </Filter>
    <Filter Include="Pickups">
      <UniqueIdentifier>{594a1012-3397-4f8b-b9ab-2d0d0cfa044a}</UniqueIdentifier>
    </Filter>
    <Filter Include="Player">
      <UniqueIdentifier>{226f2284-5164-4bb6-8db3-95ac1538dc7c}</UniqueIdentifier>
    </Filter>
    <Filter Include="Player\PlayerWeapons">
      <UniqueIdentifier>{e0cb243b-3c95-4a40-ac36-1aab3adbef88}</UniqueIdentifier>
    </Filter>
    <Filter Include="Player\PlayerWeapons\MeleeWeapons">
      <UniqueIdentifier>{29a35154-c2c5-4b25-a509-2e124d7c987c}</UniqueIdentifier>
    </Filter>
    <Filter Include="Player\PlayerWeapons\Class">
      <UniqueIdentifier>{a77b1f39-1a9e-4650-b1f6-8f4827ab2d2b}</UniqueIdentifier>
    </Filter>
    <Filter Include="Player\PlayerWeapons\RangeWeapons">
      <UniqueIdentifier>{df00da08-0537-4f5c-b5ff-734991bfdd53}</UniqueIdentifier>
    </Filter>
    <Filter Include="Player\PlayerWeapons\Projectile / Slash">
      <UniqueIdentifier>{f6fe97c9-ee52-44d4-bb2f-bf4998b34728}</UniqueIdentifier>
    </Filter>
    <Filter Include="Rooms">
      <UniqueIdentifier>{a61f159d-9e67-495a-ac0e-f638702b7674}</UniqueIdentifier>
    </Filter>
    <Filter Include="UI">
      <UniqueIdentifier>{5bff2961-da13-4ede-a120-ff2a1b5ae2e5}</UniqueIdentifier>
    </Filter>
    <Filter Include="Ai">
      <UniqueIdentifier>{572c0137-974f-4dce-b2a2-5b3c8f44ef6e}</UniqueIdentifier>
    </Filter>
  </ItemGroup>
  <ItemGroup>
    <ClCompile Include="Axe.cpp">
      <Filter>Player\PlayerWeapons\MeleeWeapons</Filter>
    </ClCompile>
    <ClCompile Include="Khopesh.cpp">
      <Filter>Player\PlayerWeapons\MeleeWeapons</Filter>
    </ClCompile>
    <ClCompile Include="Spear.cpp">
      <Filter>Player\PlayerWeapons\MeleeWeapons</Filter>
    </ClCompile>
    <ClCompile Include="BaseWeaponClass.cpp">
      <Filter>Player\PlayerWeapons\Class</Filter>
    </ClCompile>
    <ClCompile Include="MeleeBaseWeaponClass.cpp">
      <Filter>Player\PlayerWeapons\Class</Filter>
    </ClCompile>
    <ClCompile Include="Bow.cpp">
      <Filter>Player\PlayerWeapons\RangeWeapons</Filter>
    </ClCompile>
    <ClCompile Include="MeleeAttack.cpp">
      <Filter>Player\PlayerWeapons\Projectile / Slash</Filter>
    </ClCompile>
    <ClCompile Include="MeleeCollider.cpp">
      <Filter>Player\PlayerWeapons\Projectile / Slash</Filter>
    </ClCompile>
    <ClCompile Include="Projectile.cpp">
      <Filter>Player\PlayerWeapons\Projectile / Slash</Filter>
    </ClCompile>
    <ClCompile Include="Player.cpp">
      <Filter>Player</Filter>
    </ClCompile>
    <ClCompile Include="SlingShot.cpp">
      <Filter>Player\PlayerWeapons\RangeWeapons</Filter>
    </ClCompile>
    <ClCompile Include="RangedBaseWeaponClass.cpp">
      <Filter>Player\PlayerWeapons\Class</Filter>
    </ClCompile>
    <ClCompile Include="Roll.cpp">
      <Filter>AbilityStuff</Filter>
    </ClCompile>
    <ClCompile Include="AbilityHolder.cpp">
      <Filter>AbilityStuff</Filter>
    </ClCompile>
    <ClCompile Include="BaseAbilityClass.cpp">
      <Filter>AbilityStuff</Filter>
    </ClCompile>
    <ClCompile Include="Stun.cpp">
      <Filter>AbilityStuff</Filter>
    </ClCompile>
    <ClCompile Include="PickupAbilitys.cpp">
      <Filter>Pickups</Filter>
    </ClCompile>
    <ClCompile Include="PickupBehaviour.cpp">
      <Filter>Pickups</Filter>
    </ClCompile>
    <ClCompile Include="PickupWeapon.cpp">
      <Filter>Pickups</Filter>
    </ClCompile>
    <ClCompile Include="PlayerHealthUI.cpp">
      <Filter>UI</Filter>
    </ClCompile>
    <ClCompile Include="WeaponDisplayUI.cpp">
      <Filter>UI</Filter>
    </ClCompile>
    <ClCompile Include="AbilityDisplayUI.cpp">
      <Filter>UI</Filter>
    </ClCompile>
    <ClCompile Include="main.cpp" />
    <ClCompile Include="AiAgent.cpp">
      <Filter>Ai</Filter>
    </ClCompile>
    <ClCompile Include="AiMelee.cpp">
      <Filter>Ai</Filter>
    </ClCompile>
    <ClCompile Include="MenuButton.cpp">
      <Filter>UI</Filter>
    </ClCompile>
    <ClCompile Include="Heal.cpp">
      <Filter>Source Files\AbilityStuff</Filter>
    </ClCompile>
    <ClCompile Include="Rage.cpp">
      <Filter>Source Files\AbilityStuff</Filter>
    </ClCompile>
    <ClCompile Include="RoomAOE.cpp">
      <Filter>Source Files\AbilityStuff</Filter>
    </ClCompile>
    <ClCompile Include="Heal.cpp" />
    <ClCompile Include="PassivePickups.cpp" />
    <ClCompile Include="Rage.cpp" />
    <ClCompile Include="RoomAOE.cpp" />
    <ClCompile Include="SettingsButton.cpp" />
    <ClCompile Include="Chest.cpp" />
  </ItemGroup>
  <ItemGroup>
    <ClInclude Include="Axe.h">
      <Filter>Player\PlayerWeapons\MeleeWeapons</Filter>
    </ClInclude>
    <ClInclude Include="Khopesh.h">
      <Filter>Player\PlayerWeapons\MeleeWeapons</Filter>
    </ClInclude>
    <ClInclude Include="Spear.h">
      <Filter>Player\PlayerWeapons\MeleeWeapons</Filter>
    </ClInclude>
    <ClInclude Include="BaseWeaponClass.h">
      <Filter>Player\PlayerWeapons\Class</Filter>
    </ClInclude>
    <ClInclude Include="MeleeBaseWeaponClass.h">
      <Filter>Player\PlayerWeapons\Class</Filter>
    </ClInclude>
    <ClInclude Include="Bow.h">
      <Filter>Player\PlayerWeapons\RangeWeapons</Filter>
    </ClInclude>
    <ClInclude Include="MeleeAttack.h">
      <Filter>Player\PlayerWeapons\Projectile / Slash</Filter>
    </ClInclude>
    <ClInclude Include="MeleeCollider.h">
      <Filter>Player\PlayerWeapons\Projectile / Slash</Filter>
    </ClInclude>
    <ClInclude Include="Projectile.h">
      <Filter>Player\PlayerWeapons\Projectile / Slash</Filter>
    </ClInclude>
    <ClInclude Include="Player.h">
      <Filter>Player</Filter>
    </ClInclude>
    <ClInclude Include="WeaponType.h">
      <Filter>Player\PlayerWeapons</Filter>
    </ClInclude>
    <ClInclude Include="SlingShot.h">
      <Filter>Player\PlayerWeapons\RangeWeapons</Filter>
    </ClInclude>
    <ClInclude Include="RangedBaseWeaponClass.h">
      <Filter>Player\PlayerWeapons\Class</Filter>
    </ClInclude>
    <ClInclude Include="WeaponUpgrade.h">
      <Filter>Player\PlayerWeapons\Class</Filter>
    </ClInclude>
    <ClInclude Include="AbilityHolder.h">
      <Filter>AbilityStuff</Filter>
    </ClInclude>
    <ClInclude Include="Roll.h">
      <Filter>AbilityStuff</Filter>
    </ClInclude>
    <ClInclude Include="abilityTargets.h">
      <Filter>AbilityStuff</Filter>
    </ClInclude>
    <ClInclude Include="BaseAbilityClass.h">
      <Filter>AbilityStuff</Filter>
    </ClInclude>
    <ClInclude Include="AbilityStates.h">
      <Filter>AbilityStuff</Filter>
    </ClInclude>
    <ClInclude Include="Stun.h">
      <Filter>AbilityStuff</Filter>
    </ClInclude>
    <ClInclude Include="PickupAbilitys.h">
      <Filter>Pickups</Filter>
    </ClInclude>
    <ClInclude Include="PickupBehaviour.h">
      <Filter>Pickups</Filter>
    </ClInclude>
    <ClInclude Include="PickupWeapon.h">
      <Filter>Pickups</Filter>
    </ClInclude>
    <ClInclude Include="WeaponDisplayUI.h">
      <Filter>UI</Filter>
    </ClInclude>
    <ClInclude Include="PlayerHealthUI.h">
      <Filter>UI</Filter>
    </ClInclude>
    <ClInclude Include="AbilityDisplayUI.h">
      <Filter>UI</Filter>
    </ClInclude>
    <ClInclude Include="AbilityType.h">
      <Filter>AbilityStuff</Filter>
    </ClInclude>
    <ClInclude Include="facingDirection.h" />
    <ClInclude Include="AiAgent.h">
      <Filter>Ai</Filter>
    </ClInclude>
    <ClInclude Include="AiMelee.h">
      <Filter>Ai</Filter>
    </ClInclude>
    <ClInclude Include="MenuButton.h">
      <Filter>UI</Filter>
    </ClInclude>
    <ClInclude Include="Heal.h">
      <Filter>Source Files\AbilityStuff</Filter>
    </ClInclude>
    <ClInclude Include="Rage.h">
      <Filter>Source Files\AbilityStuff</Filter>
    </ClInclude>
    <ClInclude Include="RoomAOE.h">
      <Filter>Source Files\AbilityStuff</Filter>
    </ClInclude>
    <ClInclude Include="Heal.h" />
    <ClInclude Include="PassivePickups.h" />
    <ClInclude Include="Rage.h" />
    <ClInclude Include="RoomAOE.h" />
    <ClInclude Include="SettingsButton.h" />
    <ClInclude Include="PassiveType.h" />
    <ClInclude Include="Chest.h" />
  </ItemGroup>
</Project>