<?xml version="1.0" encoding="utf-8"?>
<Project ToolsVersion="4.0" xmlns="http://schemas.microsoft.com/developer/msbuild/2003">
  <ItemGroup>
    <ClCompile Include="AiAgent.cpp" />
    <ClCompile Include="Axe.cpp" />
    <ClCompile Include="BaseAbilityClass.cpp" />
    <ClCompile Include="BaseWeaponClass.cpp" />
    <ClCompile Include="Bow.cpp" />
    <ClCompile Include="Khopesh.cpp" />
    <ClCompile Include="main.cpp" />
    <ClCompile Include="MeleeAttack.cpp" />
    <ClCompile Include="MeleeCollider.cpp" />
    <ClCompile Include="Player.cpp" />
    <ClCompile Include="Projectile.cpp" />
    <ClCompile Include="Roll.cpp" />
    <ClCompile Include="AbilityHolder.cpp" />
  </ItemGroup>
  <ItemGroup>
    <ClInclude Include="AiAgent.h" />
    <ClInclude Include="Axe.h" />
    <ClInclude Include="BaseAbilityClass.h" />
    <ClInclude Include="BaseWeaponClass.h" />
    <ClInclude Include="Bow.h" />
    <ClInclude Include="facingDirection.h" />
    <ClInclude Include="Khopesh.h" />
    <ClInclude Include="MeleeAttack.h" />
    <ClInclude Include="MeleeCollider.h" />
    <ClInclude Include="Player.h" />
    <ClInclude Include="Projectile.h" />
    <ClInclude Include="abilityTargets.h" />
    <ClInclude Include="AbilityHolder.h" />
    <ClInclude Include="Roll.h" />
  </ItemGroup>
</Project>